
Microsoft Visual Studio Solution File, Format Version 12.00
# Visual Studio Version 17
VisualStudioVersion = 17.13.35825.156 d17.13
MinimumVisualStudioVersion = 10.0.40219.1
Project("{FAE04EC0-301F-11D3-BF4B-00C04F79EFBC}") = "Loan Management MIni Application", "Loan Management MIni Application.csproj", "{247BE820-3ADF-446F-8F0C-52406991AA55}"
EndProject
Global
	GlobalSection(SolutionConfigurationPlatforms) = preSolution
		Debug|Any CPU = Debug|Any CPU
		Release|Any CPU = Release|Any CPU
	EndGlobalSection
	GlobalSection(ProjectConfigurationPlatforms) = postSolution
		{247BE820-3ADF-446F-8F0C-52406991AA55}.Debug|Any CPU.ActiveCfg = Debug|Any CPU
		{247BE820-3ADF-446F-8F0C-52406991AA55}.Debug|Any CPU.Build.0 = Debug|Any CPU
		{247BE820-3ADF-446F-8F0C-52406991AA55}.Release|Any CPU.ActiveCfg = Release|Any CPU
		{247BE820-3ADF-446F-8F0C-52406991AA55}.Release|Any CPU.Build.0 = Release|Any CPU
	EndGlobalSection
	GlobalSection(SolutionProperties) = preSolution
		HideSolutionNode = FALSE
	EndGlobalSection
	GlobalSection(ExtensibilityGlobals) = postSolution
		SolutionGuid = {69E247A8-1CFB-41BB-9D36-2F8F7192919D}
	EndGlobalSection
EndGlobal
